{
  "originHash" : "f04d5983fc10e959bad954bd036fabf08414e3d1a020027b5325826dbd2be275",
  "pins" : [
    {
      "identity" : "needle",
      "kind" : "remoteSourceControl",
      "location" : "https://github.com/uber/needle.git",
      "state" : {
        "revision" : "69f7a889d2736f2621c6083ac29e0a75d158f249",
        "version" : "0.25.1"
      }
    }
  ],
  "version" : 3
}
