// !$*UTF8*$!
{
	archiveVersion = 1;
	classes = {
	};
	objectVersion = 77;
	objects = {

/* Begin PBXBuildFile section */
		B6A000000000000000000001 /* API in Frameworks */ = {isa = PBXBuildFile; productRef = B6A000000000000000000008 /* API */; };
		B6A000000000000000000002 /* Cache in Frameworks */ = {isa = PBXBuildFile; productRef = B6A000000000000000000009 /* Cache */; };
		B6A000000000000000000003 /* NeedleFoundation in Frameworks */ = {isa = PBXBuildFile; productRef = B6A00000000000000000000A /* NeedleFoundation */; };
/* End PBXBuildFile section */

/* Begin PBXContainerItemProxy section */
		B50E875B2FCD709E00240B2E /* PBXContainerItemProxy */ = {
			isa = PBXContainerItemProxy;
			containerPortal = B50E87452FCD709D00240B2E /* Project object */;
			proxyType = 1;
			remoteGlobalIDString = B50E874C2FCD709D00240B2E;
			remoteInfo = CloudeCode;
		};
		B50E87652FCD709E00240B2E /* PBXContainerItemProxy */ = {
			isa = PBXContainerItemProxy;
			containerPortal = B50E87452FCD709D00240B2E /* Project object */;
			proxyType = 1;
			remoteGlobalIDString = B50E874C2FCD709D00240B2E;
			remoteInfo = CloudeCode;
		};
/* End PBXContainerItemProxy section */

/* Begin PBXFileReference section */
		B50E874D2FCD709D00240B2E /* CloudeCode.app */ = {isa = PBXFileReference; explicitFileType = wrapper.application; includeInIndex = 0; path = CloudeCode.app; sourceTree = BUILT_PRODUCTS_DIR; };
		B50E875A2FCD709E00240B2E /* CloudeCodeTests.xctest */ = {isa = PBXFileReference; explicitFileType = wrapper.cfbundle; includeInIndex = 0; path = CloudeCodeTests.xctest; sourceTree = BUILT_PRODUCTS_DIR; };
		B50E87642FCD709E00240B2E /* CloudeCodeUITests.xctest */ = {isa = PBXFileReference; explicitFileType = wrapper.cfbundle; includeInIndex = 0; path = CloudeCodeUITests.xctest; sourceTree = BUILT_PRODUCTS_DIR; };
/* End PBXFileReference section */

/* Begin PBXFileSystemSynchronizedRootGroup section */
		B50E874F2FCD709D00240B2E /* CloudeCode */ = {
			isa = PBXFileSystemSynchronizedRootGroup;
			path = CloudeCode;
			sourceTree = "<group>";
		};
		B50E875D2FCD709E00240B2E /* CloudeCodeTests */ = {
			isa = PBXFileSystemSynchronizedRootGroup;
			path = CloudeCodeTests;
			sourceTree = "<group>";
		};
		B50E87672FCD709E00240B2E /* CloudeCodeUITests */ = {
			isa = PBXFileSystemSynchronizedRootGroup;
			path = CloudeCodeUITests;
			sourceTree = "<group>";
		};
/* End PBXFileSystemSynchronizedRootGroup section */

/* Begin PBXFrameworksBuildPhase section */
		B50E874A2FCD709D00240B2E /* Frameworks */ = {
			isa = PBXFrameworksBuildPhase;
			buildActionMask = 2147483647;
			files = (
				B6A000000000000000000001 /* API in Frameworks */,
				B6A000000000000000000002 /* Cache in Frameworks */,
				B6A000000000000000000003 /* NeedleFoundation in Frameworks */,
			);
			runOnlyForDeploymentPostprocessing = 0;
		};
		B50E87572FCD709E00240B2E /* Frameworks */ = {
			isa = PBXFrameworksBuildPhase;
			buildActionMask = 2147483647;
			files = (
			);
			runOnlyForDeploymentPostprocessing = 0;
		};
		B50E87612FCD709E00240B2E /* Frameworks */ = {
			isa = PBXFrameworksBuildPhase;
			buildActionMask = 2147483647;
			files = (
			);
			runOnlyForDeploymentPostprocessing = 0;
		};
/* End PBXFrameworksBuildPhase section */

/* Begin PBXGroup section */
		B50E87442FCD709D00240B2E = {
			isa = PBXGroup;
			children = (
				B50E874F2FCD709D00240B2E /* CloudeCode */,
				B50E875D2FCD709E00240B2E /* CloudeCodeTests */,
				B50E87672FCD709E00240B2E /* CloudeCodeUITests */,
				B50E874E2FCD709D00240B2E /* Products */,
			);
			sourceTree = "<group>";
		};
		B50E874E2FCD709D00240B2E /* Products */ = {
			isa = PBXGroup;
			children = (
				B50E874D2FCD709D00240B2E /* CloudeCode.app */,
				B50E875A2FCD709E00240B2E /* CloudeCodeTests.xctest */,
				B50E87642FCD709E00240B2E /* CloudeCodeUITests.xctest */,
			);
			name = Products;
			sourceTree = "<group>";
		};
/* End PBXGroup section */

/* Begin PBXNativeTarget section */
		B50E874C2FCD709D00240B2E /* CloudeCode */ = {
			isa = PBXNativeTarget;
			buildConfigurationList = B50E876E2FCD709E00240B2E /* Build configuration list for PBXNativeTarget "CloudeCode" */;
			buildPhases = (
				B6A000000000000000000004 /* SwiftLint */,
				B50E87492FCD709D00240B2E /* Sources */,
				B50E874A2FCD709D00240B2E /* Frameworks */,
				B50E874B2FCD709D00240B2E /* Resources */,
			);
			buildRules = (
			);
			dependencies = (
			);
			fileSystemSynchronizedGroups = (
				B50E874F2FCD709D00240B2E /* CloudeCode */,
			);
			name = CloudeCode;
			packageProductDependencies = (
				B6A000000000000000000008 /* API */,
				B6A000000000000000000009 /* Cache */,
				B6A00000000000000000000A /* NeedleFoundation */,
				B6A00000000000000000000C /* CoreAPI */,
			);
			productName = CloudeCode;
			productReference = B50E874D2FCD709D00240B2E /* CloudeCode.app */;
			productType = "com.apple.product-type.application";
		};
		B50E87592FCD709E00240B2E /* CloudeCodeTests */ = {
			isa = PBXNativeTarget;
			buildConfigurationList = B50E87712FCD709E00240B2E /* Build configuration list for PBXNativeTarget "CloudeCodeTests" */;
			buildPhases = (
				B50E87562FCD709E00240B2E /* Sources */,
				B50E87572FCD709E00240B2E /* Frameworks */,
				B50E87582FCD709E00240B2E /* Resources */,
			);
			buildRules = (
			);
			dependencies = (
				B50E875C2FCD709E00240B2E /* PBXTargetDependency */,
			);
			fileSystemSynchronizedGroups = (
				B50E875D2FCD709E00240B2E /* CloudeCodeTests */,
			);
			name = CloudeCodeTests;
			packageProductDependencies = (
			);
			productName = CloudeCodeTests;
			productReference = B50E875A2FCD709E00240B2E /* CloudeCodeTests.xctest */;
			productType = "com.apple.product-type.bundle.unit-test";
		};
		B50E87632FCD709E00240B2E /* CloudeCodeUITests */ = {
			isa = PBXNativeTarget;
			buildConfigurationList = B50E87742FCD709E00240B2E /* Build configuration list for PBXNativeTarget "CloudeCodeUITests" */;
			buildPhases = (
				B50E87602FCD709E00240B2E /* Sources */,
				B50E87612FCD709E00240B2E /* Frameworks */,
				B50E87622FCD709E00240B2E /* Resources */,
			);
			buildRules = (
			);
			dependencies = (
				B50E87662FCD709E00240B2E /* PBXTargetDependency */,
			);
			fileSystemSynchronizedGroups = (
				B50E87672FCD709E00240B2E /* CloudeCodeUITests */,
			);
			name = CloudeCodeUITests;
			packageProductDependencies = (
			);
			productName = CloudeCodeUITests;
			productReference = B50E87642FCD709E00240B2E /* CloudeCodeUITests.xctest */;
			productType = "com.apple.product-type.bundle.ui-testing";
		};
/* End PBXNativeTarget section */

/* Begin PBXProject section */
		B50E87452FCD709D00240B2E /* Project object */ = {
			isa = PBXProject;
			attributes = {
				BuildIndependentTargetsInParallel = 1;
				LastSwiftUpdateCheck = 2640;
				LastUpgradeCheck = 2640;
				TargetAttributes = {
					B50E874C2FCD709D00240B2E = {
						CreatedOnToolsVersion = 26.4;
					};
					B50E87592FCD709E00240B2E = {
						CreatedOnToolsVersion = 26.4;
						TestTargetID = B50E874C2FCD709D00240B2E;
					};
					B50E87632FCD709E00240B2E = {
						CreatedOnToolsVersion = 26.4;
						TestTargetID = B50E874C2FCD709D00240B2E;
					};
				};
			};
			buildConfigurationList = B50E87482FCD709D00240B2E /* Build configuration list for PBXProject "CloudeCode" */;
			developmentRegion = en;
			hasScannedForEncodings = 0;
			knownRegions = (
				en,
				Base,
			);
			mainGroup = B50E87442FCD709D00240B2E;
			minimizedProjectReferenceProxies = 1;
			packageReferences = (
				B6A000000000000000000005 /* XCLocalSwiftPackageReference "Modules/API" */,
				B6A000000000000000000006 /* XCLocalSwiftPackageReference "Modules/Cache" */,
				B6A00000000000000000000B /* XCLocalSwiftPackageReference "Modules/CoreAPI" */,
				B6A000000000000000000007 /* XCRemoteSwiftPackageReference "needle" */,
			);
			preferredProjectObjectVersion = 77;
			productRefGroup = B50E874E2FCD709D00240B2E /* Products */;
			projectDirPath = "";
			projectRoot = "";
			targets = (
				B50E874C2FCD709D00240B2E /* CloudeCode */,
				B50E87592FCD709E00240B2E /* CloudeCodeTests */,
				B50E87632FCD709E00240B2E /* CloudeCodeUITests */,
			);
		};
/* End PBXProject section */

/* Begin PBXResourcesBuildPhase section */
		B50E874B2FCD709D00240B2E /* Resources */ = {
			isa = PBXResourcesBuildPhase;
			buildActionMask = 2147483647;
			files = (
			);
			runOnlyForDeploymentPostprocessing = 0;
		};
		B50E87582FCD709E00240B2E /* Resources */ = {
			isa = PBXResourcesBuildPhase;
			buildActionMask = 2147483647;
			files = (
			);
			runOnlyForDeploymentPostprocessing = 0;
		};
		B50E87622FCD709E00240B2E /* Resources */ = {
			isa = PBXResourcesBuildPhase;
			buildActionMask = 2147483647;
			files = (
			);
			runOnlyForDeploymentPostprocessing = 0;
		};
/* End PBXResourcesBuildPhase section */

/* Begin PBXShellScriptBuildPhase section */
		B6A000000000000000000004 /* SwiftLint */ = {
			isa = PBXShellScriptBuildPhase;
			alwaysOutOfDate = 1;
			buildActionMask = 2147483647;
			files = (
			);
			inputFileListPaths = (
			);
			inputPaths = (
			);
			name = SwiftLint;
			outputFileListPaths = (
			);
			outputPaths = (
			);
			runOnlyForDeploymentPostprocessing = 0;
			shellPath = /bin/sh;
			shellScript = "if [ \"${CONFIGURATION}\" != \"Debug\" ]; then\n    echo \"Non-Debug configuration ${CONFIGURATION}; skipping SwiftLint.\"\n    exit 0\nfi\n\nif which swiftlint > /dev/null 2>&1\nthen\n    swiftlint --no-cache\nelse\n    echo \"warning: `swiftlint` command not found - See https://github.com/realm/SwiftLint#installation for installation instructions.\"\nfi\n";
		};
/* End PBXShellScriptBuildPhase section */

/* Begin PBXSourcesBuildPhase section */
		B50E87492FCD709D00240B2E /* Sources */ = {
			isa = PBXSourcesBuildPhase;
			buildActionMask = 2147483647;
			files = (
			);
			runOnlyForDeploymentPostprocessing = 0;
		};
		B50E87562FCD709E00240B2E /* Sources */ = {
			isa = PBXSourcesBuildPhase;
			buildActionMask = 2147483647;
			files = (
			);
			runOnlyForDeploymentPostprocessing = 0;
		};
		B50E87602FCD709E00240B2E /* Sources */ = {
			isa = PBXSourcesBuildPhase;
			buildActionMask = 2147483647;
			files = (
			);
			runOnlyForDeploymentPostprocessing = 0;
		};
/* End PBXSourcesBuildPhase section */

/* Begin PBXTargetDependency section */
		B50E875C2FCD709E00240B2E /* PBXTargetDependency */ = {
			isa = PBXTargetDependency;
			target = B50E874C2FCD709D00240B2E /* CloudeCode */;
			targetProxy = B50E875B2FCD709E00240B2E /* PBXContainerItemProxy */;
		};
		B50E87662FCD709E00240B2E /* PBXTargetDependency */ = {
			isa = PBXTargetDependency;
			target = B50E874C2FCD709D00240B2E /* CloudeCode */;
			targetProxy = B50E87652FCD709E00240B2E /* PBXContainerItemProxy */;
		};
/* End PBXTargetDependency section */

/* Begin XCBuildConfiguration section */
		B50E876C2FCD709E00240B2E /* Debug */ = {
			isa = XCBuildConfiguration;
			buildSettings = {
				ALWAYS_SEARCH_USER_PATHS = NO;
				ASSETCATALOG_COMPILER_GENERATE_SWIFT_ASSET_SYMBOL_EXTENSIONS = YES;
				CLANG_ANALYZER_NONNULL = YES;
				CLANG_ANALYZER_NUMBER_OBJECT_CONVERSION = YES_AGGRESSIVE;
				CLANG_CXX_LANGUAGE_STANDARD = "gnu++20";
				CLANG_ENABLE_MODULES = YES;
				CLANG_ENABLE_OBJC_ARC = YES;
				CLANG_ENABLE_OBJC_WEAK = YES;
				CLANG_WARN_BLOCK_CAPTURE_AUTORELEASING = YES;
				CLANG_WARN_BOOL_CONVERSION = YES;
				CLANG_WARN_COMMA = YES;
				CLANG_WARN_CONSTANT_CONVERSION = YES;
				CLANG_WARN_DEPRECATED_OBJC_IMPLEMENTATIONS = YES;
				CLANG_WARN_DIRECT_OBJC_ISA_USAGE = YES_ERROR;
				CLANG_WARN_DOCUMENTATION_COMMENTS = YES;
				CLANG_WARN_EMPTY_BODY = YES;
				CLANG_WARN_ENUM_CONVERSION = YES;
				CLANG_WARN_INFINITE_RECURSION = YES;
				CLANG_WARN_INT_CONVERSION = YES;
				CLANG_WARN_NON_LITERAL_NULL_CONVERSION = YES;
				CLANG_WARN_OBJC_IMPLICIT_RETAIN_SELF = YES;
				CLANG_WARN_OBJC_LITERAL_CONVERSION = YES;
				CLANG_WARN_OBJC_ROOT_CLASS = YES_ERROR;
				CLANG_WARN_QUOTED_INCLUDE_IN_FRAMEWORK_HEADER = YES;
				CLANG_WARN_RANGE_LOOP_ANALYSIS = YES;
				CLANG_WARN_STRICT_PROTOTYPES = YES;
				CLANG_WARN_SUSPICIOUS_MOVE = YES;
				CLANG_WARN_UNGUARDED_AVAILABILITY = YES_AGGRESSIVE;
				CLANG_WARN_UNREACHABLE_CODE = YES;
				CLANG_WARN__DUPLICATE_METHOD_MATCH = YES;
				COPY_PHASE_STRIP = NO;
				DEBUG_INFORMATION_FORMAT = dwarf;
				DEVELOPMENT_TEAM = 4ZJWAQAQHL;
				ENABLE_STRICT_OBJC_MSGSEND = YES;
				ENABLE_TESTABILITY = YES;
				ENABLE_USER_SCRIPT_SANDBOXING = NO;
				GCC_C_LANGUAGE_STANDARD = gnu17;
				GCC_DYNAMIC_NO_PIC = NO;
				GCC_NO_COMMON_BLOCKS = YES;
				GCC_OPTIMIZATION_LEVEL = 0;
				GCC_PREPROCESSOR_DEFINITIONS = (
					"DEBUG=1",
					"$(inherited)",
				);
				GCC_WARN_64_TO_32_BIT_CONVERSION = YES;
				GCC_WARN_ABOUT_RETURN_TYPE = YES_ERROR;
				GCC_WARN_UNDECLARED_SELECTOR = YES;
				GCC_WARN_UNINITIALIZED_AUTOS = YES_AGGRESSIVE;
				GCC_WARN_UNUSED_FUNCTION = YES;
				GCC_WARN_UNUSED_VARIABLE = YES;
				LOCALIZATION_PREFERS_STRING_CATALOGS = YES;
				MTL_ENABLE_DEBUG_INFO = INCLUDE_SOURCE;
				MTL_FAST_MATH = YES;
				ONLY_ACTIVE_ARCH = YES;
				SWIFT_ACTIVE_COMPILATION_CONDITIONS = "DEBUG $(inherited)";
				SWIFT_OPTIMIZATION_LEVEL = "-Onone";
			};
			name = Debug;
		};
		B50E876D2FCD709E00240B2E /* Release */ = {
			isa = XCBuildConfiguration;
			buildSettings = {
				ALWAYS_SEARCH_USER_PATHS = NO;
				ASSETCATALOG_COMPILER_GENERATE_SWIFT_ASSET_SYMBOL_EXTENSIONS = YES;
				CLANG_ANALYZER_NONNULL = YES;
				CLANG_ANALYZER_NUMBER_OBJECT_CONVERSION = YES_AGGRESSIVE;
				CLANG_CXX_LANGUAGE_STANDARD = "gnu++20";
				CLANG_ENABLE_MODULES = YES;
				CLANG_ENABLE_OBJC_ARC = YES;
				CLANG_ENABLE_OBJC_WEAK = YES;
				CLANG_WARN_BLOCK_CAPTURE_AUTORELEASING = YES;
				CLANG_WARN_BOOL_CONVERSION = YES;
				CLANG_WARN_COMMA = YES;
				CLANG_WARN_CONSTANT_CONVERSION = YES;
				CLANG_WARN_DEPRECATED_OBJC_IMPLEMENTATIONS = YES;
				CLANG_WARN_DIRECT_OBJC_ISA_USAGE = YES_ERROR;
				CLANG_WARN_DOCUMENTATION_COMMENTS = YES;
				CLANG_WARN_EMPTY_BODY = YES;
				CLANG_WARN_ENUM_CONVERSION = YES;
				CLANG_WARN_INFINITE_RECURSION = YES;
				CLANG_WARN_INT_CONVERSION = YES;
				CLANG_WARN_NON_LITERAL_NULL_CONVERSION = YES;
				CLANG_WARN_OBJC_IMPLICIT_RETAIN_SELF = YES;
				CLANG_WARN_OBJC_LITERAL_CONVERSION = YES;
				CLANG_WARN_OBJC_ROOT_CLASS = YES_ERROR;
				CLANG_WARN_QUOTED_INCLUDE_IN_FRAMEWORK_HEADER = YES;
				CLANG_WARN_RANGE_LOOP_ANALYSIS = YES;
				CLANG_WARN_STRICT_PROTOTYPES = YES;
				CLANG_WARN_SUSPICIOUS_MOVE = YES;
				CLANG_WARN_UNGUARDED_AVAILABILITY = YES_AGGRESSIVE;
				CLANG_WARN_UNREACHABLE_CODE = YES;
				CLANG_WARN__DUPLICATE_METHOD_MATCH = YES;
				COPY_PHASE_STRIP = NO;
				DEBUG_INFORMATION_FORMAT = "dwarf-with-dsym";
				DEVELOPMENT_TEAM = 4ZJWAQAQHL;
				ENABLE_NS_ASSERTIONS = NO;
				ENABLE_STRICT_OBJC_MSGSEND = YES;
				ENABLE_USER_SCRIPT_SANDBOXING = NO;
				GCC_C_LANGUAGE_STANDARD = gnu17;
				GCC_NO_COMMON_BLOCKS = YES;
				GCC_WARN_64_TO_32_BIT_CONVERSION = YES;
				GCC_WARN_ABOUT_RETURN_TYPE = YES_ERROR;
				GCC_WARN_UNDECLARED_SELECTOR = YES;
				GCC_WARN_UNINITIALIZED_AUTOS = YES_AGGRESSIVE;
				GCC_WARN_UNUSED_FUNCTION = YES;
				GCC_WARN_UNUSED_VARIABLE = YES;
				LOCALIZATION_PREFERS_STRING_CATALOGS = YES;
				MTL_ENABLE_DEBUG_INFO = NO;
				MTL_FAST_MATH = YES;
				SWIFT_COMPILATION_MODE = wholemodule;
			};
			name = Release;
		};
		B50E876F2FCD709E00240B2E /* Debug */ = {
			isa = XCBuildConfiguration;
			buildSettings = {
				ASSETCATALOG_COMPILER_APPICON_NAME = AppIcon;
				ASSETCATALOG_COMPILER_GLOBAL_ACCENT_COLOR_NAME = AccentColor;
				CODE_SIGN_STYLE = Automatic;
				CURRENT_PROJECT_VERSION = 1;
				DEVELOPMENT_TEAM = 4ZJWAQAQHL;
				ENABLE_APP_SANDBOX = YES;
				ENABLE_HARDENED_RUNTIME = YES;
				ENABLE_PREVIEWS = YES;
				ENABLE_USER_SELECTED_FILES = readonly;
				GENERATE_INFOPLIST_FILE = YES;
				INFOPLIST_KEY_CFBundleDisplayName = "Cloude Code";
				"INFOPLIST_KEY_UIApplicationSceneManifest_Generation[sdk=iphoneos*]" = YES;
				"INFOPLIST_KEY_UIApplicationSceneManifest_Generation[sdk=iphonesimulator*]" = YES;
				"INFOPLIST_KEY_UIApplicationSupportsIndirectInputEvents[sdk=iphoneos*]" = YES;
				"INFOPLIST_KEY_UIApplicationSupportsIndirectInputEvents[sdk=iphonesimulator*]" = YES;
				"INFOPLIST_KEY_UILaunchScreen_Generation[sdk=iphoneos*]" = YES;
				"INFOPLIST_KEY_UILaunchScreen_Generation[sdk=iphonesimulator*]" = YES;
				"INFOPLIST_KEY_UIStatusBarStyle[sdk=iphoneos*]" = UIStatusBarStyleDefault;
				"INFOPLIST_KEY_UIStatusBarStyle[sdk=iphonesimulator*]" = UIStatusBarStyleDefault;
				INFOPLIST_KEY_UISupportedInterfaceOrientations = UIInterfaceOrientationPortrait;
				INFOPLIST_KEY_UISupportedInterfaceOrientations_iPad = "UIInterfaceOrientationLandscapeLeft UIInterfaceOrientationLandscapeRight UIInterfaceOrientationPortrait UIInterfaceOrientationPortraitUpsideDown";
				IPHONEOS_DEPLOYMENT_TARGET = 26.4;
				LD_RUNPATH_SEARCH_PATHS = "@executable_path/Frameworks";
				"LD_RUNPATH_SEARCH_PATHS[sdk=macosx*]" = "@executable_path/../Frameworks";
				MACOSX_DEPLOYMENT_TARGET = 26.4;
				MARKETING_VERSION = 1.0;
				PRODUCT_BUNDLE_IDENTIFIER = llc.bze.CloudeCode;
				PRODUCT_MODULE_NAME = CloudeCode;
				PRODUCT_NAME = "$(TARGET_NAME)";
				REGISTER_APP_GROUPS = YES;
				SDKROOT = auto;
				STRING_CATALOG_GENERATE_SYMBOLS = YES;
				SUPPORTED_PLATFORMS = "iphoneos iphonesimulator macosx";
				SUPPORTS_MACCATALYST = NO;
				SWIFT_APPROACHABLE_CONCURRENCY = YES;
				SWIFT_EMIT_LOC_STRINGS = YES;
				SWIFT_UPCOMING_FEATURE_MEMBER_IMPORT_VISIBILITY = YES;
				SWIFT_VERSION = 5.0;
				TARGETED_DEVICE_FAMILY = "1,2";
				XROS_DEPLOYMENT_TARGET = 26.4;
			};
			name = Debug;
		};
		B50E87702FCD709E00240B2E /* Release */ = {
			isa = XCBuildConfiguration;
			buildSettings = {
				ASSETCATALOG_COMPILER_APPICON_NAME = AppIcon;
				ASSETCATALOG_COMPILER_GLOBAL_ACCENT_COLOR_NAME = AccentColor;
				CODE_SIGN_STYLE = Automatic;
				CURRENT_PROJECT_VERSION = 1;
				DEVELOPMENT_TEAM = 4ZJWAQAQHL;
				ENABLE_APP_SANDBOX = YES;
				ENABLE_HARDENED_RUNTIME = YES;
				ENABLE_PREVIEWS = YES;
				ENABLE_USER_SELECTED_FILES = readonly;
				GENERATE_INFOPLIST_FILE = YES;
				INFOPLIST_KEY_CFBundleDisplayName = "Cloude Code";
				"INFOPLIST_KEY_UIApplicationSceneManifest_Generation[sdk=iphoneos*]" = YES;
				"INFOPLIST_KEY_UIApplicationSceneManifest_Generation[sdk=iphonesimulator*]" = YES;
				"INFOPLIST_KEY_UIApplicationSupportsIndirectInputEvents[sdk=iphoneos*]" = YES;
				"INFOPLIST_KEY_UIApplicationSupportsIndirectInputEvents[sdk=iphonesimulator*]" = YES;
				"INFOPLIST_KEY_UILaunchScreen_Generation[sdk=iphoneos*]" = YES;
				"INFOPLIST_KEY_UILaunchScreen_Generation[sdk=iphonesimulator*]" = YES;
				"INFOPLIST_KEY_UIStatusBarStyle[sdk=iphoneos*]" = UIStatusBarStyleDefault;
				"INFOPLIST_KEY_UIStatusBarStyle[sdk=iphonesimulator*]" = UIStatusBarStyleDefault;
				INFOPLIST_KEY_UISupportedInterfaceOrientations = UIInterfaceOrientationPortrait;
				INFOPLIST_KEY_UISupportedInterfaceOrientations_iPad = "UIInterfaceOrientationLandscapeLeft UIInterfaceOrientationLandscapeRight UIInterfaceOrientationPortrait UIInterfaceOrientationPortraitUpsideDown";
				IPHONEOS_DEPLOYMENT_TARGET = 26.4;
				LD_RUNPATH_SEARCH_PATHS = "@executable_path/Frameworks";
				"LD_RUNPATH_SEARCH_PATHS[sdk=macosx*]" = "@executable_path/../Frameworks";
				MACOSX_DEPLOYMENT_TARGET = 26.4;
				MARKETING_VERSION = 1.0;
				PRODUCT_BUNDLE_IDENTIFIER = llc.bze.CloudeCode;
				PRODUCT_MODULE_NAME = CloudeCode;
				PRODUCT_NAME = "$(TARGET_NAME)";
				REGISTER_APP_GROUPS = YES;
				SDKROOT = auto;
				STRING_CATALOG_GENERATE_SYMBOLS = YES;
				SUPPORTED_PLATFORMS = "iphoneos iphonesimulator macosx";
				SUPPORTS_MACCATALYST = NO;
				SWIFT_APPROACHABLE_CONCURRENCY = YES;
				SWIFT_EMIT_LOC_STRINGS = YES;
				SWIFT_UPCOMING_FEATURE_MEMBER_IMPORT_VISIBILITY = YES;
				SWIFT_VERSION = 5.0;
				TARGETED_DEVICE_FAMILY = "1,2";
				XROS_DEPLOYMENT_TARGET = 26.4;
			};
			name = Release;
		};
		B50E87722FCD709E00240B2E /* Debug */ = {
			isa = XCBuildConfiguration;
			buildSettings = {
				BUNDLE_LOADER = "$(TEST_HOST)";
				CODE_SIGN_STYLE = Automatic;
				CURRENT_PROJECT_VERSION = 1;
				DEVELOPMENT_TEAM = 4ZJWAQAQHL;
				GENERATE_INFOPLIST_FILE = YES;
				INFOPLIST_KEY_CFBundleDisplayName = "Cloude Code";
				IPHONEOS_DEPLOYMENT_TARGET = 26.4;
				MACOSX_DEPLOYMENT_TARGET = 26.4;
				MARKETING_VERSION = 1.0;
				PRODUCT_BUNDLE_IDENTIFIER = llc.bze.CloudeCodeTests;
				PRODUCT_MODULE_NAME = CloudeCodeTests;
				PRODUCT_NAME = "$(TARGET_NAME)";
				SDKROOT = auto;
				STRING_CATALOG_GENERATE_SYMBOLS = NO;
				SUPPORTED_PLATFORMS = "iphoneos iphonesimulator macosx xros xrsimulator";
				SWIFT_APPROACHABLE_CONCURRENCY = YES;
				SWIFT_EMIT_LOC_STRINGS = NO;
				SWIFT_UPCOMING_FEATURE_MEMBER_IMPORT_VISIBILITY = YES;
				SWIFT_VERSION = 5.0;
				TARGETED_DEVICE_FAMILY = "1,2,7";
				TEST_HOST = "$(BUILT_PRODUCTS_DIR)/CloudeCode.app/$(BUNDLE_EXECUTABLE_FOLDER_PATH)/CloudeCode";
				XROS_DEPLOYMENT_TARGET = 26.4;
			};
			name = Debug;
		};
		B50E87732FCD709E00240B2E /* Release */ = {
			isa = XCBuildConfiguration;
			buildSettings = {
				BUNDLE_LOADER = "$(TEST_HOST)";
				CODE_SIGN_STYLE = Automatic;
				CURRENT_PROJECT_VERSION = 1;
				DEVELOPMENT_TEAM = 4ZJWAQAQHL;
				GENERATE_INFOPLIST_FILE = YES;
				INFOPLIST_KEY_CFBundleDisplayName = "Cloude Code";
				IPHONEOS_DEPLOYMENT_TARGET = 26.4;
				MACOSX_DEPLOYMENT_TARGET = 26.4;
				MARKETING_VERSION = 1.0;
				PRODUCT_BUNDLE_IDENTIFIER = llc.bze.CloudeCodeTests;
				PRODUCT_MODULE_NAME = CloudeCodeTests;
				PRODUCT_NAME = "$(TARGET_NAME)";
				SDKROOT = auto;
				STRING_CATALOG_GENERATE_SYMBOLS = NO;
				SUPPORTED_PLATFORMS = "iphoneos iphonesimulator macosx xros xrsimulator";
				SWIFT_APPROACHABLE_CONCURRENCY = YES;
				SWIFT_EMIT_LOC_STRINGS = NO;
				SWIFT_UPCOMING_FEATURE_MEMBER_IMPORT_VISIBILITY = YES;
				SWIFT_VERSION = 5.0;
				TARGETED_DEVICE_FAMILY = "1,2,7";
				TEST_HOST = "$(BUILT_PRODUCTS_DIR)/CloudeCode.app/$(BUNDLE_EXECUTABLE_FOLDER_PATH)/CloudeCode";
				XROS_DEPLOYMENT_TARGET = 26.4;
			};
			name = Release;
		};
		B50E87752FCD709E00240B2E /* Debug */ = {
			isa = XCBuildConfiguration;
			buildSettings = {
				CODE_SIGN_STYLE = Automatic;
				CURRENT_PROJECT_VERSION = 1;
				DEVELOPMENT_TEAM = 4ZJWAQAQHL;
				GENERATE_INFOPLIST_FILE = YES;
				INFOPLIST_KEY_CFBundleDisplayName = "Cloude Code";
				IPHONEOS_DEPLOYMENT_TARGET = 26.4;
				MACOSX_DEPLOYMENT_TARGET = 26.4;
				MARKETING_VERSION = 1.0;
				PRODUCT_BUNDLE_IDENTIFIER = llc.bze.CloudeCodeUITests;
				PRODUCT_MODULE_NAME = CloudeCodeUITests;
				PRODUCT_NAME = "$(TARGET_NAME)";
				SDKROOT = auto;
				STRING_CATALOG_GENERATE_SYMBOLS = NO;
				SUPPORTED_PLATFORMS = "iphoneos iphonesimulator macosx xros xrsimulator";
				SWIFT_APPROACHABLE_CONCURRENCY = YES;
				SWIFT_EMIT_LOC_STRINGS = NO;
				SWIFT_UPCOMING_FEATURE_MEMBER_IMPORT_VISIBILITY = YES;
				SWIFT_VERSION = 5.0;
				TARGETED_DEVICE_FAMILY = "1,2,7";
				TEST_TARGET_NAME = CloudeCode;
				XROS_DEPLOYMENT_TARGET = 26.4;
			};
			name = Debug;
		};
		B50E87762FCD709E00240B2E /* Release */ = {
			isa = XCBuildConfiguration;
			buildSettings = {
				CODE_SIGN_STYLE = Automatic;
				CURRENT_PROJECT_VERSION = 1;
				DEVELOPMENT_TEAM = 4ZJWAQAQHL;
				GENERATE_INFOPLIST_FILE = YES;
				INFOPLIST_KEY_CFBundleDisplayName = "Cloude Code";
				IPHONEOS_DEPLOYMENT_TARGET = 26.4;
				MACOSX_DEPLOYMENT_TARGET = 26.4;
				MARKETING_VERSION = 1.0;
				PRODUCT_BUNDLE_IDENTIFIER = llc.bze.CloudeCodeUITests;
				PRODUCT_MODULE_NAME = CloudeCodeUITests;
				PRODUCT_NAME = "$(TARGET_NAME)";
				SDKROOT = auto;
				STRING_CATALOG_GENERATE_SYMBOLS = NO;
				SUPPORTED_PLATFORMS = "iphoneos iphonesimulator macosx xros xrsimulator";
				SWIFT_APPROACHABLE_CONCURRENCY = YES;
				SWIFT_EMIT_LOC_STRINGS = NO;
				SWIFT_UPCOMING_FEATURE_MEMBER_IMPORT_VISIBILITY = YES;
				SWIFT_VERSION = 5.0;
				TARGETED_DEVICE_FAMILY = "1,2,7";
				TEST_TARGET_NAME = CloudeCode;
				XROS_DEPLOYMENT_TARGET = 26.4;
			};
			name = Release;
		};
/* End XCBuildConfiguration section */

/* Begin XCConfigurationList section */
		B50E87482FCD709D00240B2E /* Build configuration list for PBXProject "CloudeCode" */ = {
			isa = XCConfigurationList;
			buildConfigurations = (
				B50E876C2FCD709E00240B2E /* Debug */,
				B50E876D2FCD709E00240B2E /* Release */,
			);
			defaultConfigurationIsVisible = 0;
			defaultConfigurationName = Release;
		};
		B50E876E2FCD709E00240B2E /* Build configuration list for PBXNativeTarget "CloudeCode" */ = {
			isa = XCConfigurationList;
			buildConfigurations = (
				B50E876F2FCD709E00240B2E /* Debug */,
				B50E87702FCD709E00240B2E /* Release */,
			);
			defaultConfigurationIsVisible = 0;
			defaultConfigurationName = Release;
		};
		B50E87712FCD709E00240B2E /* Build configuration list for PBXNativeTarget "CloudeCodeTests" */ = {
			isa = XCConfigurationList;
			buildConfigurations = (
				B50E87722FCD709E00240B2E /* Debug */,
				B50E87732FCD709E00240B2E /* Release */,
			);
			defaultConfigurationIsVisible = 0;
			defaultConfigurationName = Release;
		};
		B50E87742FCD709E00240B2E /* Build configuration list for PBXNativeTarget "CloudeCodeUITests" */ = {
			isa = XCConfigurationList;
			buildConfigurations = (
				B50E87752FCD709E00240B2E /* Debug */,
				B50E87762FCD709E00240B2E /* Release */,
			);
			defaultConfigurationIsVisible = 0;
			defaultConfigurationName = Release;
		};
/* End XCConfigurationList section */

/* Begin XCLocalSwiftPackageReference section */
		B6A000000000000000000005 /* XCLocalSwiftPackageReference "Modules/API" */ = {
			isa = XCLocalSwiftPackageReference;
			relativePath = Modules/API;
		};
		B6A000000000000000000006 /* XCLocalSwiftPackageReference "Modules/Cache" */ = {
			isa = XCLocalSwiftPackageReference;
			relativePath = Modules/Cache;
		};
		B6A00000000000000000000B /* XCLocalSwiftPackageReference "Modules/CoreAPI" */ = {
			isa = XCLocalSwiftPackageReference;
			relativePath = Modules/CoreAPI;
		};
/* End XCLocalSwiftPackageReference section */

/* Begin XCRemoteSwiftPackageReference section */
		B6A000000000000000000007 /* XCRemoteSwiftPackageReference "needle" */ = {
			isa = XCRemoteSwiftPackageReference;
			repositoryURL = "https://github.com/uber/needle.git";
			requirement = {
				kind = upToNextMajorVersion;
				minimumVersion = 0.25.0;
			};
		};
/* End XCRemoteSwiftPackageReference section */

/* Begin XCSwiftPackageProductDependency section */
		B6A000000000000000000008 /* API */ = {
			isa = XCSwiftPackageProductDependency;
			productName = API;
		};
		B6A000000000000000000009 /* Cache */ = {
			isa = XCSwiftPackageProductDependency;
			productName = Cache;
		};
		B6A00000000000000000000A /* NeedleFoundation */ = {
			isa = XCSwiftPackageProductDependency;
			package = B6A000000000000000000007 /* XCRemoteSwiftPackageReference "needle" */;
			productName = NeedleFoundation;
		};
		B6A00000000000000000000C /* CoreAPI */ = {
			isa = XCSwiftPackageProductDependency;
			productName = CoreAPI;
		};
/* End XCSwiftPackageProductDependency section */
	};
	rootObject = B50E87452FCD709D00240B2E /* Project object */;
}
